
Microsoft Visual Studio Solution File, Format Version 12.00
# Visual Studio Version 17
VisualStudioVersion = 17.11.35219.272
MinimumVisualStudioVersion = 10.0.40219.1
Project("{8BC9CEB8-8B4A-11D0-8D11-00A0C91BC942}") = "0.0.AISD", "0.0.AISD.vcxproj", "{38D82028-36BD-46F3-AD3B-0F5E722D9148}"
EndProject
Global
	GlobalSection(SolutionConfigurationPlatforms) = preSolution
		Debug|x64 = Debug|x64
		Debug|x86 = Debug|x86
		Release|x64 = Release|x64
		Release|x86 = Release|x86
	EndGlobalSection
	GlobalSection(ProjectConfigurationPlatforms) = postSolution
		{38D82028-36BD-46F3-AD3B-0F5E722D9148}.Debug|x64.ActiveCfg = Debug|x64
		{38D82028-36BD-46F3-AD3B-0F5E722D9148}.Debug|x64.Build.0 = Debug|x64
		{38D82028-36BD-46F3-AD3B-0F5E722D9148}.Debug|x86.ActiveCfg = Debug|Win32
		{38D82028-36BD-46F3-AD3B-0F5E722D9148}.Debug|x86.Build.0 = Debug|Win32
		{38D82028-36BD-46F3-AD3B-0F5E722D9148}.Release|x64.ActiveCfg = Release|x64
		{38D82028-36BD-46F3-AD3B-0F5E722D9148}.Release|x64.Build.0 = Release|x64
		{38D82028-36BD-46F3-AD3B-0F5E722D9148}.Release|x86.ActiveCfg = Release|Win32
		{38D82028-36BD-46F3-AD3B-0F5E722D9148}.Release|x86.Build.0 = Release|Win32
	EndGlobalSection
	GlobalSection(SolutionProperties) = preSolution
		HideSolutionNode = FALSE
	EndGlobalSection
	GlobalSection(ExtensibilityGlobals) = postSolution
		SolutionGuid = {E1362BEA-EBF7-4CDC-95B1-6E94A56F8F85}
	EndGlobalSection
EndGlobal
